
Microsoft Visual Studio Solution File, Format Version 12.00
# Visual Studio Version 17
VisualStudioVersion = 17.13.35931.197
MinimumVisualStudioVersion = 10.0.40219.1
Project("{8BC9CEB8-8B4A-11D0-8D11-00A0C91BC942}") = "Activitate1", "Activitate1\Activitate1.vcxproj", "{2E0DDE1A-3688-4637-BAD7-DF72BBBC1CC0}"
EndProject
Project("{8BC9CEB8-8B4A-11D0-8D11-00A0C91BC942}") = "Activitate2", "Activitate2\Activitate2.vcxproj", "{239012CE-00EB-4F1B-8C4B-CC72413B3FF1}"
EndProject
Project("{8BC9CEB8-8B4A-11D0-8D11-00A0C91BC942}") = "Activitate3", "Activitate3\Activitate3.vcxproj", "{38174CE2-3EC0-4FB7-99D7-2F2B928B73BF}"
EndProject
Project("{8BC9CEB8-8B4A-11D0-8D11-00A0C91BC942}") = "Activitate4", "Activitate4\Activitate4.vcxproj", "{E153C079-6191-4B7E-877D-352F589C06FA}"
EndProject
Project("{8BC9CEB8-8B4A-11D0-8D11-00A0C91BC942}") = "Activitate5", "Activitate5\Activitate5.vcxproj", "{13516F08-45D3-442E-BBDD-7E015211843B}"
EndProject
Project("{8BC9CEB8-8B4A-11D0-8D11-00A0C91BC942}") = "Activitate6", "Activitate6\Activitate6.vcxproj", "{A06D170A-A08E-4CBE-803C-F3872BB42489}"
EndProject
Project("{8BC9CEB8-8B4A-11D0-8D11-00A0C91BC942}") = "Activitate7", "Activitate7\Activitate7.vcxproj", "{57CD2EF4-8594-4C31-A15C-8B7B88A8A5D1}"
EndProject
Project("{8BC9CEB8-8B4A-11D0-8D11-00A0C91BC942}") = "Activitate8", "Activitate8\Activitate8.vcxproj", "{9AF48658-9438-461A-B4B0-4E5F3729F62F}"
EndProject
Global
	GlobalSection(SolutionConfigurationPlatforms) = preSolution
		Debug|x64 = Debug|x64
		Debug|x86 = Debug|x86
		Release|x64 = Release|x64
		Release|x86 = Release|x86
	EndGlobalSection
	GlobalSection(ProjectConfigurationPlatforms) = postSolution
		{2E0DDE1A-3688-4637-BAD7-DF72BBBC1CC0}.Debug|x64.ActiveCfg = Debug|x64
		{2E0DDE1A-3688-4637-BAD7-DF72BBBC1CC0}.Debug|x64.Build.0 = Debug|x64
		{2E0DDE1A-3688-4637-BAD7-DF72BBBC1CC0}.Debug|x86.ActiveCfg = Debug|Win32
		{2E0DDE1A-3688-4637-BAD7-DF72BBBC1CC0}.Debug|x86.Build.0 = Debug|Win32
		{2E0DDE1A-3688-4637-BAD7-DF72BBBC1CC0}.Release|x64.ActiveCfg = Release|x64
		{2E0DDE1A-3688-4637-BAD7-DF72BBBC1CC0}.Release|x64.Build.0 = Release|x64
		{2E0DDE1A-3688-4637-BAD7-DF72BBBC1CC0}.Release|x86.ActiveCfg = Release|Win32
		{2E0DDE1A-3688-4637-BAD7-DF72BBBC1CC0}.Release|x86.Build.0 = Release|Win32
		{239012CE-00EB-4F1B-8C4B-CC72413B3FF1}.Debug|x64.ActiveCfg = Debug|x64
		{239012CE-00EB-4F1B-8C4B-CC72413B3FF1}.Debug|x64.Build.0 = Debug|x64
		{239012CE-00EB-4F1B-8C4B-CC72413B3FF1}.Debug|x86.ActiveCfg = Debug|Win32
		{239012CE-00EB-4F1B-8C4B-CC72413B3FF1}.Debug|x86.Build.0 = Debug|Win32
		{239012CE-00EB-4F1B-8C4B-CC72413B3FF1}.Release|x64.ActiveCfg = Release|x64
		{239012CE-00EB-4F1B-8C4B-CC72413B3FF1}.Release|x64.Build.0 = Release|x64
		{239012CE-00EB-4F1B-8C4B-CC72413B3FF1}.Release|x86.ActiveCfg = Release|Win32
		{239012CE-00EB-4F1B-8C4B-CC72413B3FF1}.Release|x86.Build.0 = Release|Win32
		{38174CE2-3EC0-4FB7-99D7-2F2B928B73BF}.Debug|x64.ActiveCfg = Debug|x64
		{38174CE2-3EC0-4FB7-99D7-2F2B928B73BF}.Debug|x64.Build.0 = Debug|x64
		{38174CE2-3EC0-4FB7-99D7-2F2B928B73BF}.Debug|x86.ActiveCfg = Debug|Win32
		{38174CE2-3EC0-4FB7-99D7-2F2B928B73BF}.Debug|x86.Build.0 = Debug|Win32
		{38174CE2-3EC0-4FB7-99D7-2F2B928B73BF}.Release|x64.ActiveCfg = Release|x64
		{38174CE2-3EC0-4FB7-99D7-2F2B928B73BF}.Release|x64.Build.0 = Release|x64
		{38174CE2-3EC0-4FB7-99D7-2F2B928B73BF}.Release|x86.ActiveCfg = Release|Win32
		{38174CE2-3EC0-4FB7-99D7-2F2B928B73BF}.Release|x86.Build.0 = Release|Win32
		{E153C079-6191-4B7E-877D-352F589C06FA}.Debug|x64.ActiveCfg = Debug|x64
		{E153C079-6191-4B7E-877D-352F589C06FA}.Debug|x64.Build.0 = Debug|x64
		{E153C079-6191-4B7E-877D-352F589C06FA}.Debug|x86.ActiveCfg = Debug|Win32
		{E153C079-6191-4B7E-877D-352F589C06FA}.Debug|x86.Build.0 = Debug|Win32
		{E153C079-6191-4B7E-877D-352F589C06FA}.Release|x64.ActiveCfg = Release|x64
		{E153C079-6191-4B7E-877D-352F589C06FA}.Release|x64.Build.0 = Release|x64
		{E153C079-6191-4B7E-877D-352F589C06FA}.Release|x86.ActiveCfg = Release|Win32
		{E153C079-6191-4B7E-877D-352F589C06FA}.Release|x86.Build.0 = Release|Win32
		{13516F08-45D3-442E-BBDD-7E015211843B}.Debug|x64.ActiveCfg = Debug|x64
		{13516F08-45D3-442E-BBDD-7E015211843B}.Debug|x64.Build.0 = Debug|x64
		{13516F08-45D3-442E-BBDD-7E015211843B}.Debug|x86.ActiveCfg = Debug|Win32
		{13516F08-45D3-442E-BBDD-7E015211843B}.Debug|x86.Build.0 = Debug|Win32
		{13516F08-45D3-442E-BBDD-7E015211843B}.Release|x64.ActiveCfg = Release|x64
		{13516F08-45D3-442E-BBDD-7E015211843B}.Release|x64.Build.0 = Release|x64
		{13516F08-45D3-442E-BBDD-7E015211843B}.Release|x86.ActiveCfg = Release|Win32
		{13516F08-45D3-442E-BBDD-7E015211843B}.Release|x86.Build.0 = Release|Win32
		{A06D170A-A08E-4CBE-803C-F3872BB42489}.Debug|x64.ActiveCfg = Debug|x64
		{A06D170A-A08E-4CBE-803C-F3872BB42489}.Debug|x64.Build.0 = Debug|x64
		{A06D170A-A08E-4CBE-803C-F3872BB42489}.Debug|x86.ActiveCfg = Debug|Win32
		{A06D170A-A08E-4CBE-803C-F3872BB42489}.Debug|x86.Build.0 = Debug|Win32
		{A06D170A-A08E-4CBE-803C-F3872BB42489}.Release|x64.ActiveCfg = Release|x64
		{A06D170A-A08E-4CBE-803C-F3872BB42489}.Release|x64.Build.0 = Release|x64
		{A06D170A-A08E-4CBE-803C-F3872BB42489}.Release|x86.ActiveCfg = Release|Win32
		{A06D170A-A08E-4CBE-803C-F3872BB42489}.Release|x86.Build.0 = Release|Win32
		{57CD2EF4-8594-4C31-A15C-8B7B88A8A5D1}.Debug|x64.ActiveCfg = Debug|x64
		{57CD2EF4-8594-4C31-A15C-8B7B88A8A5D1}.Debug|x64.Build.0 = Debug|x64
		{57CD2EF4-8594-4C31-A15C-8B7B88A8A5D1}.Debug|x86.ActiveCfg = Debug|Win32
		{57CD2EF4-8594-4C31-A15C-8B7B88A8A5D1}.Debug|x86.Build.0 = Debug|Win32
		{57CD2EF4-8594-4C31-A15C-8B7B88A8A5D1}.Release|x64.ActiveCfg = Release|x64
		{57CD2EF4-8594-4C31-A15C-8B7B88A8A5D1}.Release|x64.Build.0 = Release|x64
		{57CD2EF4-8594-4C31-A15C-8B7B88A8A5D1}.Release|x86.ActiveCfg = Release|Win32
		{57CD2EF4-8594-4C31-A15C-8B7B88A8A5D1}.Release|x86.Build.0 = Release|Win32
		{9AF48658-9438-461A-B4B0-4E5F3729F62F}.Debug|x64.ActiveCfg = Debug|x64
		{9AF48658-9438-461A-B4B0-4E5F3729F62F}.Debug|x64.Build.0 = Debug|x64
		{9AF48658-9438-461A-B4B0-4E5F3729F62F}.Debug|x86.ActiveCfg = Debug|Win32
		{9AF48658-9438-461A-B4B0-4E5F3729F62F}.Debug|x86.Build.0 = Debug|Win32
		{9AF48658-9438-461A-B4B0-4E5F3729F62F}.Release|x64.ActiveCfg = Release|x64
		{9AF48658-9438-461A-B4B0-4E5F3729F62F}.Release|x64.Build.0 = Release|x64
		{9AF48658-9438-461A-B4B0-4E5F3729F62F}.Release|x86.ActiveCfg = Release|Win32
		{9AF48658-9438-461A-B4B0-4E5F3729F62F}.Release|x86.Build.0 = Release|Win32
	EndGlobalSection
	GlobalSection(SolutionProperties) = preSolution
		HideSolutionNode = FALSE
	EndGlobalSection
	GlobalSection(ExtensibilityGlobals) = postSolution
		SolutionGuid = {780F86E0-6BC9-4D65-AE44-C01466E47450}
	EndGlobalSection
EndGlobal
